{
    "name": "pars-calendar-demo",
    "version": "1.0.0",
    "lockfileVersion": 3,
    "requires": true,
    "packages": {
        "": {
            "name": "pars-calendar-demo",
            "version": "1.0.0",
            "dependencies": {
                "vue": "^3.4.0",
                "lucide-vue-next": "^0.300.0"
            },
            "devDependencies": {
                "@vitejs/plugin-vue": "^5.0.0",
                "vite": "^5.0.0"
            }
        }
    }
}
